// !$*UTF8*$!
{
	archiveVersion = 1;
	classes = {
	};
	objectVersion = 50;
	objects = {

/* Begin PBXBuildFile section */
		B311964B22D4E89000B18AD0 /* SwiftyJSON.swift in Sources */ = {isa = PBXBuildFile; fileRef = B311964A22D4E89000B18AD0 /* SwiftyJSON.swift */; };
		B3D660D722D4E53F00F37013 /* AppDelegate.swift in Sources */ = {isa = PBXBuildFile; fileRef = B3D660D622D4E53F00F37013 /* AppDelegate.swift */; };
		B3D660D922D4E53F00F37013 /* SourcesViewController.swift in Sources */ = {isa = PBXBuildFile; fileRef = B3D660D822D4E53F00F37013 /* SourcesViewController.swift */; };
		B3D660DC22D4E53F00F37013 /* Main.storyboard in Resources */ = {isa = PBXBuildFile; fileRef = B3D660DA22D4E53F00F37013 /* Main.storyboard */; };
		B3D660DE22D4E54200F37013 /* Assets.xcassets in Resources */ = {isa = PBXBuildFile; fileRef = B3D660DD22D4E54200F37013 /* Assets.xcassets */; };
		B3D660E122D4E54200F37013 /* LaunchScreen.storyboard in Resources */ = {isa = PBXBuildFile; fileRef = B3D660DF22D4E54200F37013 /* LaunchScreen.storyboard */; };
		B3D660EC22D4E54200F37013 /* Top_StoriesTests.swift in Sources */ = {isa = PBXBuildFile; fileRef = B3D660EB22D4E54200F37013 /* Top_StoriesTests.swift */; };
		B3D660F722D4E54200F37013 /* Top_StoriesUITests.swift in Sources */ = {isa = PBXBuildFile; fileRef = B3D660F622D4E54200F37013 /* Top_StoriesUITests.swift */; };
/* End PBXBuildFile section */

/* Begin PBXContainerItemProxy section */
		B3D660E822D4E54200F37013 /* PBXContainerItemProxy */ = {
			isa = PBXContainerItemProxy;
			containerPortal = B3D660CB22D4E53F00F37013 /* Project object */;
			proxyType = 1;
			remoteGlobalIDString = B3D660D222D4E53F00F37013;
			remoteInfo = "Top Stories";
		};
		B3D660F322D4E54200F37013 /* PBXContainerItemProxy */ = {
			isa = PBXContainerItemProxy;
			containerPortal = B3D660CB22D4E53F00F37013 /* Project object */;
			proxyType = 1;
			remoteGlobalIDString = B3D660D222D4E53F00F37013;
			remoteInfo = "Top Stories";
		};
/* End PBXContainerItemProxy section */

/* Begin PBXFileReference section */
		B311964A22D4E89000B18AD0 /* SwiftyJSON.swift */ = {isa = PBXFileReference; fileEncoding = 4; lastKnownFileType = sourcecode.swift; path = SwiftyJSON.swift; sourceTree = "<group>"; };
		B3D660D322D4E53F00F37013 /* Top Stories.app */ = {isa = PBXFileReference; explicitFileType = wrapper.application; includeInIndex = 0; path = "Top Stories.app"; sourceTree = BUILT_PRODUCTS_DIR; };
		B3D660D622D4E53F00F37013 /* AppDelegate.swift */ = {isa = PBXFileReference; lastKnownFileType = sourcecode.swift; path = AppDelegate.swift; sourceTree = "<group>"; };
		B3D660D822D4E53F00F37013 /* SourcesViewController.swift */ = {isa = PBXFileReference; lastKnownFileType = sourcecode.swift; path = SourcesViewController.swift; sourceTree = "<group>"; };
		B3D660DB22D4E53F00F37013 /* Base */ = {isa = PBXFileReference; lastKnownFileType = file.storyboard; name = Base; path = Base.lproj/Main.storyboard; sourceTree = "<group>"; };
		B3D660DD22D4E54200F37013 /* Assets.xcassets */ = {isa = PBXFileReference; lastKnownFileType = folder.assetcatalog; path = Assets.xcassets; sourceTree = "<group>"; };
		B3D660E022D4E54200F37013 /* Base */ = {isa = PBXFileReference; lastKnownFileType = file.storyboard; name = Base; path = Base.lproj/LaunchScreen.storyboard; sourceTree = "<group>"; };
		B3D660E222D4E54200F37013 /* Info.plist */ = {isa = PBXFileReference; lastKnownFileType = text.plist.xml; path = Info.plist; sourceTree = "<group>"; };
		B3D660E722D4E54200F37013 /* Top StoriesTests.xctest */ = {isa = PBXFileReference; explicitFileType = wrapper.cfbundle; includeInIndex = 0; path = "Top StoriesTests.xctest"; sourceTree = BUILT_PRODUCTS_DIR; };
		B3D660EB22D4E54200F37013 /* Top_StoriesTests.swift */ = {isa = PBXFileReference; lastKnownFileType = sourcecode.swift; path = Top_StoriesTests.swift; sourceTree = "<group>"; };
		B3D660ED22D4E54200F37013 /* Info.plist */ = {isa = PBXFileReference; lastKnownFileType = text.plist.xml; path = Info.plist; sourceTree = "<group>"; };
		B3D660F222D4E54200F37013 /* Top StoriesUITests.xctest */ = {isa = PBXFileReference; explicitFileType = wrapper.cfbundle; includeInIndex = 0; path = "Top StoriesUITests.xctest"; sourceTree = BUILT_PRODUCTS_DIR; };
		B3D660F622D4E54200F37013 /* Top_StoriesUITests.swift */ = {isa = PBXFileReference; lastKnownFileType = sourcecode.swift; path = Top_StoriesUITests.swift; sourceTree = "<group>"; };
		B3D660F822D4E54200F37013 /* Info.plist */ = {isa = PBXFileReference; lastKnownFileType = text.plist.xml; path = Info.plist; sourceTree = "<group>"; };
/* End PBXFileReference section */

/* Begin PBXFrameworksBuildPhase section */
		B3D660D022D4E53F00F37013 /* Frameworks */ = {
			isa = PBXFrameworksBuildPhase;
			buildActionMask = 2147483647;
			files = (
			);
			runOnlyForDeploymentPostprocessing = 0;
		};
		B3D660E422D4E54200F37013 /* Frameworks */ = {
			isa = PBXFrameworksBuildPhase;
			buildActionMask = 2147483647;
			files = (
			);
			runOnlyForDeploymentPostprocessing = 0;
		};
		B3D660EF22D4E54200F37013 /* Frameworks */ = {
			isa = PBXFrameworksBuildPhase;
			buildActionMask = 2147483647;
			files = (
			);
			runOnlyForDeploymentPostprocessing = 0;
		};
/* End PBXFrameworksBuildPhase section */

/* Begin PBXGroup section */
		B3D660CA22D4E53F00F37013 = {
			isa = PBXGroup;
			children = (
				B3D660D522D4E53F00F37013 /* Top Stories */,
				B3D660EA22D4E54200F37013 /* Top StoriesTests */,
				B3D660F522D4E54200F37013 /* Top StoriesUITests */,
				B3D660D422D4E53F00F37013 /* Products */,
			);
			sourceTree = "<group>";
		};
		B3D660D422D4E53F00F37013 /* Products */ = {
			isa = PBXGroup;
			children = (
				B3D660D322D4E53F00F37013 /* Top Stories.app */,
				B3D660E722D4E54200F37013 /* Top StoriesTests.xctest */,
				B3D660F222D4E54200F37013 /* Top StoriesUITests.xctest */,
			);
			name = Products;
			sourceTree = "<group>";
		};
		B3D660D522D4E53F00F37013 /* Top Stories */ = {
			isa = PBXGroup;
			children = (
				B3D660D622D4E53F00F37013 /* AppDelegate.swift */,
				B3D660D822D4E53F00F37013 /* SourcesViewController.swift */,
				B3D660DA22D4E53F00F37013 /* Main.storyboard */,
				B3D660DD22D4E54200F37013 /* Assets.xcassets */,
				B3D660DF22D4E54200F37013 /* LaunchScreen.storyboard */,
				B3D660E222D4E54200F37013 /* Info.plist */,
				B311964A22D4E89000B18AD0 /* SwiftyJSON.swift */,
			);
			path = "Top Stories";
			sourceTree = "<group>";
		};
		B3D660EA22D4E54200F37013 /* Top StoriesTests */ = {
			isa = PBXGroup;
			children = (
				B3D660EB22D4E54200F37013 /* Top_StoriesTests.swift */,
				B3D660ED22D4E54200F37013 /* Info.plist */,
			);
			path = "Top StoriesTests";
			sourceTree = "<group>";
		};
		B3D660F522D4E54200F37013 /* Top StoriesUITests */ = {
			isa = PBXGroup;
			children = (
				B3D660F622D4E54200F37013 /* Top_StoriesUITests.swift */,
				B3D660F822D4E54200F37013 /* Info.plist */,
			);
			path = "Top StoriesUITests";
			sourceTree = "<group>";
		};
/* End PBXGroup section */

/* Begin PBXNativeTarget section */
		B3D660D222D4E53F00F37013 /* Top Stories */ = {
			isa = PBXNativeTarget;
			buildConfigurationList = B3D660FB22D4E54200F37013 /* Build configuration list for PBXNativeTarget "Top Stories" */;
			buildPhases = (
				B3D660CF22D4E53F00F37013 /* Sources */,
				B3D660D022D4E53F00F37013 /* Frameworks */,
				B3D660D122D4E53F00F37013 /* Resources */,
			);
			buildRules = (
			);
			dependencies = (
			);
			name = "Top Stories";
			productName = "Top Stories";
			productReference = B3D660D322D4E53F00F37013 /* Top Stories.app */;
			productType = "com.apple.product-type.application";
		};
		B3D660E622D4E54200F37013 /* Top StoriesTests */ = {
			isa = PBXNativeTarget;
			buildConfigurationList = B3D660FE22D4E54200F37013 /* Build configuration list for PBXNativeTarget "Top StoriesTests" */;
			buildPhases = (
				B3D660E322D4E54200F37013 /* Sources */,
				B3D660E422D4E54200F37013 /* Frameworks */,
				B3D660E522D4E54200F37013 /* Resources */,
			);
			buildRules = (
			);
			dependencies = (
				B3D660E922D4E54200F37013 /* PBXTargetDependency */,
			);
			name = "Top StoriesTests";
			productName = "Top StoriesTests";
			productReference = B3D660E722D4E54200F37013 /* Top StoriesTests.xctest */;
			productType = "com.apple.product-type.bundle.unit-test";
		};
		B3D660F122D4E54200F37013 /* Top StoriesUITests */ = {
			isa = PBXNativeTarget;
			buildConfigurationList = B3D6610122D4E54200F37013 /* Build configuration list for PBXNativeTarget "Top StoriesUITests" */;
			buildPhases = (
				B3D660EE22D4E54200F37013 /* Sources */,
				B3D660EF22D4E54200F37013 /* Frameworks */,
				B3D660F022D4E54200F37013 /* Resources */,
			);
			buildRules = (
			);
			dependencies = (
				B3D660F422D4E54200F37013 /* PBXTargetDependency */,
			);
			name = "Top StoriesUITests";
			productName = "Top StoriesUITests";
			productReference = B3D660F222D4E54200F37013 /* Top StoriesUITests.xctest */;
			productType = "com.apple.product-type.bundle.ui-testing";
		};
/* End PBXNativeTarget section */

/* Begin PBXProject section */
		B3D660CB22D4E53F00F37013 /* Project object */ = {
			isa = PBXProject;
			attributes = {
				LastSwiftUpdateCheck = 1020;
				LastUpgradeCheck = 1020;
				ORGANIZATIONNAME = "Dunni Dayo - Kayode";
				TargetAttributes = {
					B3D660D222D4E53F00F37013 = {
						CreatedOnToolsVersion = 10.2.1;
					};
					B3D660E622D4E54200F37013 = {
						CreatedOnToolsVersion = 10.2.1;
						TestTargetID = B3D660D222D4E53F00F37013;
					};
					B3D660F122D4E54200F37013 = {
						CreatedOnToolsVersion = 10.2.1;
						TestTargetID = B3D660D222D4E53F00F37013;
					};
				};
			};
			buildConfigurationList = B3D660CE22D4E53F00F37013 /* Build configuration list for PBXProject "Top Stories" */;
			compatibilityVersion = "Xcode 9.3";
			developmentRegion = en;
			hasScannedForEncodings = 0;
			knownRegions = (
				en,
				Base,
			);
			mainGroup = B3D660CA22D4E53F00F37013;
			productRefGroup = B3D660D422D4E53F00F37013 /* Products */;
			projectDirPath = "";
			projectRoot = "";
			targets = (
				B3D660D222D4E53F00F37013 /* Top Stories */,
				B3D660E622D4E54200F37013 /* Top StoriesTests */,
				B3D660F122D4E54200F37013 /* Top StoriesUITests */,
			);
		};
/* End PBXProject section */

/* Begin PBXResourcesBuildPhase section */
		B3D660D122D4E53F00F37013 /* Resources */ = {
			isa = PBXResourcesBuildPhase;
			buildActionMask = 2147483647;
			files = (
				B3D660E122D4E54200F37013 /* LaunchScreen.storyboard in Resources */,
				B3D660DE22D4E54200F37013 /* Assets.xcassets in Resources */,
				B3D660DC22D4E53F00F37013 /* Main.storyboard in Resources */,
			);
			runOnlyForDeploymentPostprocessing = 0;
		};
		B3D660E522D4E54200F37013 /* Resources */ = {
			isa = PBXResourcesBuildPhase;
			buildActionMask = 2147483647;
			files = (
			);
			runOnlyForDeploymentPostprocessing = 0;
		};
		B3D660F022D4E54200F37013 /* Resources */ = {
			isa = PBXResourcesBuildPhase;
			buildActionMask = 2147483647;
			files = (
			);
			runOnlyForDeploymentPostprocessing = 0;
		};
/* End PBXResourcesBuildPhase section */

/* Begin PBXSourcesBuildPhase section */
		B3D660CF22D4E53F00F37013 /* Sources */ = {
			isa = PBXSourcesBuildPhase;
			buildActionMask = 2147483647;
			files = (
				B311964B22D4E89000B18AD0 /* SwiftyJSON.swift in Sources */,
				B3D660D922D4E53F00F37013 /* SourcesViewController.swift in Sources */,
				B3D660D722D4E53F00F37013 /* AppDelegate.swift in Sources */,
			);
			runOnlyForDeploymentPostprocessing = 0;
		};
		B3D660E322D4E54200F37013 /* Sources */ = {
			isa = PBXSourcesBuildPhase;
			buildActionMask = 2147483647;
			files = (
				B3D660EC22D4E54200F37013 /* Top_StoriesTests.swift in Sources */,
			);
			runOnlyForDeploymentPostprocessing = 0;
		};
		B3D660EE22D4E54200F37013 /* Sources */ = {
			isa = PBXSourcesBuildPhase;
			buildActionMask = 2147483647;
			files = (
				B3D660F722D4E54200F37013 /* Top_StoriesUITests.swift in Sources */,
			);
			runOnlyForDeploymentPostprocessing = 0;
		};
/* End PBXSourcesBuildPhase section */

/* Begin PBXTargetDependency section */
		B3D660E922D4E54200F37013 /* PBXTargetDependency */ = {
			isa = PBXTargetDependency;
			target = B3D660D222D4E53F00F37013 /* Top Stories */;
			targetProxy = B3D660E822D4E54200F37013 /* PBXContainerItemProxy */;
		};
		B3D660F422D4E54200F37013 /* PBXTargetDependency */ = {
			isa = PBXTargetDependency;
			target = B3D660D222D4E53F00F37013 /* Top Stories */;
			targetProxy = B3D660F322D4E54200F37013 /* PBXContainerItemProxy */;
		};
/* End PBXTargetDependency section */

/* Begin PBXVariantGroup section */
		B3D660DA22D4E53F00F37013 /* Main.storyboard */ = {
			isa = PBXVariantGroup;
			children = (
				B3D660DB22D4E53F00F37013 /* Base */,
			);
			name = Main.storyboard;
			sourceTree = "<group>";
		};
		B3D660DF22D4E54200F37013 /* LaunchScreen.storyboard */ = {
			isa = PBXVariantGroup;
			children = (
				B3D660E022D4E54200F37013 /* Base */,
			);
			name = LaunchScreen.storyboard;
			sourceTree = "<group>";
		};
/* End PBXVariantGroup section */

/* Begin XCBuildConfiguration section */
		B3D660F922D4E54200F37013 /* Debug */ = {
			isa = XCBuildConfiguration;
			buildSettings = {
				ALWAYS_SEARCH_USER_PATHS = NO;
				CLANG_ANALYZER_NONNULL = YES;
				CLANG_ANALYZER_NUMBER_OBJECT_CONVERSION = YES_AGGRESSIVE;
				CLANG_CXX_LANGUAGE_STANDARD = "gnu++14";
				CLANG_CXX_LIBRARY = "libc++";
				CLANG_ENABLE_MODULES = YES;
				CLANG_ENABLE_OBJC_ARC = YES;
				CLANG_ENABLE_OBJC_WEAK = YES;
				CLANG_WARN_BLOCK_CAPTURE_AUTORELEASING = YES;
				CLANG_WARN_BOOL_CONVERSION = YES;
				CLANG_WARN_COMMA = YES;
				CLANG_WARN_CONSTANT_CONVERSION = YES;
				CLANG_WARN_DEPRECATED_OBJC_IMPLEMENTATIONS = YES;
				CLANG_WARN_DIRECT_OBJC_ISA_USAGE = YES_ERROR;
				CLANG_WARN_DOCUMENTATION_COMMENTS = YES;
				CLANG_WARN_EMPTY_BODY = YES;
				CLANG_WARN_ENUM_CONVERSION = YES;
				CLANG_WARN_INFINITE_RECURSION = YES;
				CLANG_WARN_INT_CONVERSION = YES;
				CLANG_WARN_NON_LITERAL_NULL_CONVERSION = YES;
				CLANG_WARN_OBJC_IMPLICIT_RETAIN_SELF = YES;
				CLANG_WARN_OBJC_LITERAL_CONVERSION = YES;
				CLANG_WARN_OBJC_ROOT_CLASS = YES_ERROR;
				CLANG_WARN_RANGE_LOOP_ANALYSIS = YES;
				CLANG_WARN_STRICT_PROTOTYPES = YES;
				CLANG_WARN_SUSPICIOUS_MOVE = YES;
				CLANG_WARN_UNGUARDED_AVAILABILITY = YES_AGGRESSIVE;
				CLANG_WARN_UNREACHABLE_CODE = YES;
				CLANG_WARN__DUPLICATE_METHOD_MATCH = YES;
				CODE_SIGN_IDENTITY = "iPhone Developer";
				COPY_PHASE_STRIP = NO;
				DEBUG_INFORMATION_FORMAT = dwarf;
				ENABLE_STRICT_OBJC_MSGSEND = YES;
				ENABLE_TESTABILITY = YES;
				GCC_C_LANGUAGE_STANDARD = gnu11;
				GCC_DYNAMIC_NO_PIC = NO;
				GCC_NO_COMMON_BLOCKS = YES;
				GCC_OPTIMIZATION_LEVEL = 0;
				GCC_PREPROCESSOR_DEFINITIONS = (
					"DEBUG=1",
					"$(inherited)",
				);
				GCC_WARN_64_TO_32_BIT_CONVERSION = YES;
				GCC_WARN_ABOUT_RETURN_TYPE = YES_ERROR;
				GCC_WARN_UNDECLARED_SELECTOR = YES;
				GCC_WARN_UNINITIALIZED_AUTOS = YES_AGGRESSIVE;
				GCC_WARN_UNUSED_FUNCTION = YES;
				GCC_WARN_UNUSED_VARIABLE = YES;
				IPHONEOS_DEPLOYMENT_TARGET = 12.2;
				MTL_ENABLE_DEBUG_INFO = INCLUDE_SOURCE;
				MTL_FAST_MATH = YES;
				ONLY_ACTIVE_ARCH = YES;
				SDKROOT = iphoneos;
				SWIFT_ACTIVE_COMPILATION_CONDITIONS = DEBUG;
				SWIFT_OPTIMIZATION_LEVEL = "-Onone";
			};
			name = Debug;
		};
		B3D660FA22D4E54200F37013 /* Release */ = {
			isa = XCBuildConfiguration;
			buildSettings = {
				ALWAYS_SEARCH_USER_PATHS = NO;
				CLANG_ANALYZER_NONNULL = YES;
				CLANG_ANALYZER_NUMBER_OBJECT_CONVERSION = YES_AGGRESSIVE;
				CLANG_CXX_LANGUAGE_STANDARD = "gnu++14";
				CLANG_CXX_LIBRARY = "libc++";
				CLANG_ENABLE_MODULES = YES;
				CLANG_ENABLE_OBJC_ARC = YES;
				CLANG_ENABLE_OBJC_WEAK = YES;
				CLANG_WARN_BLOCK_CAPTURE_AUTORELEASING = YES;
				CLANG_WARN_BOOL_CONVERSION = YES;
				CLANG_WARN_COMMA = YES;
				CLANG_WARN_CONSTANT_CONVERSION = YES;
				CLANG_WARN_DEPRECATED_OBJC_IMPLEMENTATIONS = YES;
				CLANG_WARN_DIRECT_OBJC_ISA_USAGE = YES_ERROR;
				CLANG_WARN_DOCUMENTATION_COMMENTS = YES;
				CLANG_WARN_EMPTY_BODY = YES;
				CLANG_WARN_ENUM_CONVERSION = YES;
				CLANG_WARN_INFINITE_RECURSION = YES;
				CLANG_WARN_INT_CONVERSION = YES;
				CLANG_WARN_NON_LITERAL_NULL_CONVERSION = YES;
				CLANG_WARN_OBJC_IMPLICIT_RETAIN_SELF = YES;
				CLANG_WARN_OBJC_LITERAL_CONVERSION = YES;
				CLANG_WARN_OBJC_ROOT_CLASS = YES_ERROR;
				CLANG_WARN_RANGE_LOOP_ANALYSIS = YES;
				CLANG_WARN_STRICT_PROTOTYPES = YES;
				CLANG_WARN_SUSPICIOUS_MOVE = YES;
				CLANG_WARN_UNGUARDED_AVAILABILITY = YES_AGGRESSIVE;
				CLANG_WARN_UNREACHABLE_CODE = YES;
				CLANG_WARN__DUPLICATE_METHOD_MATCH = YES;
				CODE_SIGN_IDENTITY = "iPhone Developer";
				COPY_PHASE_STRIP = NO;
				DEBUG_INFORMATION_FORMAT = "dwarf-with-dsym";
				ENABLE_NS_ASSERTIONS = NO;
				ENABLE_STRICT_OBJC_MSGSEND = YES;
				GCC_C_LANGUAGE_STANDARD = gnu11;
				GCC_NO_COMMON_BLOCKS = YES;
				GCC_WARN_64_TO_32_BIT_CONVERSION = YES;
				GCC_WARN_ABOUT_RETURN_TYPE = YES_ERROR;
				GCC_WARN_UNDECLARED_SELECTOR = YES;
				GCC_WARN_UNINITIALIZED_AUTOS = YES_AGGRESSIVE;
				GCC_WARN_UNUSED_FUNCTION = YES;
				GCC_WARN_UNUSED_VARIABLE = YES;
				IPHONEOS_DEPLOYMENT_TARGET = 12.2;
				MTL_ENABLE_DEBUG_INFO = NO;
				MTL_FAST_MATH = YES;
				SDKROOT = iphoneos;
				SWIFT_COMPILATION_MODE = wholemodule;
				SWIFT_OPTIMIZATION_LEVEL = "-O";
				VALIDATE_PRODUCT = YES;
			};
			name = Release;
		};
		B3D660FC22D4E54200F37013 /* Debug */ = {
			isa = XCBuildConfiguration;
			buildSettings = {
				ASSETCATALOG_COMPILER_APPICON_NAME = AppIcon;
				CODE_SIGN_STYLE = Automatic;
				INFOPLIST_FILE = "Top Stories/Info.plist";
				LD_RUNPATH_SEARCH_PATHS = (
					"$(inherited)",
					"@executable_path/Frameworks",
				);
				PRODUCT_BUNDLE_IDENTIFIER = "Infinity-org..Top-Stories";
				PRODUCT_NAME = "$(TARGET_NAME)";
				SWIFT_VERSION = 5.0;
				TARGETED_DEVICE_FAMILY = "1,2";
			};
			name = Debug;
		};
		B3D660FD22D4E54200F37013 /* Release */ = {
			isa = XCBuildConfiguration;
			buildSettings = {
				ASSETCATALOG_COMPILER_APPICON_NAME = AppIcon;
				CODE_SIGN_STYLE = Automatic;
				INFOPLIST_FILE = "Top Stories/Info.plist";
				LD_RUNPATH_SEARCH_PATHS = (
					"$(inherited)",
					"@executable_path/Frameworks",
				);
				PRODUCT_BUNDLE_IDENTIFIER = "Infinity-org..Top-Stories";
				PRODUCT_NAME = "$(TARGET_NAME)";
				SWIFT_VERSION = 5.0;
				TARGETED_DEVICE_FAMILY = "1,2";
			};
			name = Release;
		};
		B3D660FF22D4E54200F37013 /* Debug */ = {
			isa = XCBuildConfiguration;
			buildSettings = {
				ALWAYS_EMBED_SWIFT_STANDARD_LIBRARIES = YES;
				BUNDLE_LOADER = "$(TEST_HOST)";
				CODE_SIGN_STYLE = Automatic;
				INFOPLIST_FILE = "Top StoriesTests/Info.plist";
				LD_RUNPATH_SEARCH_PATHS = (
					"$(inherited)",
					"@executable_path/Frameworks",
					"@loader_path/Frameworks",
				);
				PRODUCT_BUNDLE_IDENTIFIER = "Infinity-org..Top-StoriesTests";
				PRODUCT_NAME = "$(TARGET_NAME)";
				SWIFT_VERSION = 5.0;
				TARGETED_DEVICE_FAMILY = "1,2";
				TEST_HOST = "$(BUILT_PRODUCTS_DIR)/Top Stories.app/Top Stories";
			};
			name = Debug;
		};
		B3D6610022D4E54200F37013 /* Release */ = {
			isa = XCBuildConfiguration;
			buildSettings = {
				ALWAYS_EMBED_SWIFT_STANDARD_LIBRARIES = YES;
				BUNDLE_LOADER = "$(TEST_HOST)";
				CODE_SIGN_STYLE = Automatic;
				INFOPLIST_FILE = "Top StoriesTests/Info.plist";
				LD_RUNPATH_SEARCH_PATHS = (
					"$(inherited)",
					"@executable_path/Frameworks",
					"@loader_path/Frameworks",
				);
				PRODUCT_BUNDLE_IDENTIFIER = "Infinity-org..Top-StoriesTests";
				PRODUCT_NAME = "$(TARGET_NAME)";
				SWIFT_VERSION = 5.0;
				TARGETED_DEVICE_FAMILY = "1,2";
				TEST_HOST = "$(BUILT_PRODUCTS_DIR)/Top Stories.app/Top Stories";
			};
			name = Release;
		};
		B3D6610222D4E54200F37013 /* Debug */ = {
			isa = XCBuildConfiguration;
			buildSettings = {
				ALWAYS_EMBED_SWIFT_STANDARD_LIBRARIES = YES;
				CODE_SIGN_STYLE = Automatic;
				INFOPLIST_FILE = "Top StoriesUITests/Info.plist";
				LD_RUNPATH_SEARCH_PATHS = (
					"$(inherited)",
					"@executable_path/Frameworks",
					"@loader_path/Frameworks",
				);
				PRODUCT_BUNDLE_IDENTIFIER = "Infinity-org..Top-StoriesUITests";
				PRODUCT_NAME = "$(TARGET_NAME)";
				SWIFT_VERSION = 5.0;
				TARGETED_DEVICE_FAMILY = "1,2";
				TEST_TARGET_NAME = "Top Stories";
			};
			name = Debug;
		};
		B3D6610322D4E54200F37013 /* Release */ = {
			isa = XCBuildConfiguration;
			buildSettings = {
				ALWAYS_EMBED_SWIFT_STANDARD_LIBRARIES = YES;
				CODE_SIGN_STYLE = Automatic;
				INFOPLIST_FILE = "Top StoriesUITests/Info.plist";
				LD_RUNPATH_SEARCH_PATHS = (
					"$(inherited)",
					"@executable_path/Frameworks",
					"@loader_path/Frameworks",
				);
				PRODUCT_BUNDLE_IDENTIFIER = "Infinity-org..Top-StoriesUITests";
				PRODUCT_NAME = "$(TARGET_NAME)";
				SWIFT_VERSION = 5.0;
				TARGETED_DEVICE_FAMILY = "1,2";
				TEST_TARGET_NAME = "Top Stories";
			};
			name = Release;
		};
/* End XCBuildConfiguration section */

/* Begin XCConfigurationList section */
		B3D660CE22D4E53F00F37013 /* Build configuration list for PBXProject "Top Stories" */ = {
			isa = XCConfigurationList;
			buildConfigurations = (
				B3D660F922D4E54200F37013 /* Debug */,
				B3D660FA22D4E54200F37013 /* Release */,
			);
			defaultConfigurationIsVisible = 0;
			defaultConfigurationName = Release;
		};
		B3D660FB22D4E54200F37013 /* Build configuration list for PBXNativeTarget "Top Stories" */ = {
			isa = XCConfigurationList;
			buildConfigurations = (
				B3D660FC22D4E54200F37013 /* Debug */,
				B3D660FD22D4E54200F37013 /* Release */,
			);
			defaultConfigurationIsVisible = 0;
			defaultConfigurationName = Release;
		};
		B3D660FE22D4E54200F37013 /* Build configuration list for PBXNativeTarget "Top StoriesTests" */ = {
			isa = XCConfigurationList;
			buildConfigurations = (
				B3D660FF22D4E54200F37013 /* Debug */,
				B3D6610022D4E54200F37013 /* Release */,
			);
			defaultConfigurationIsVisible = 0;
			defaultConfigurationName = Release;
		};
		B3D6610122D4E54200F37013 /* Build configuration list for PBXNativeTarget "Top StoriesUITests" */ = {
			isa = XCConfigurationList;
			buildConfigurations = (
				B3D6610222D4E54200F37013 /* Debug */,
				B3D6610322D4E54200F37013 /* Release */,
			);
			defaultConfigurationIsVisible = 0;
			defaultConfigurationName = Release;
		};
/* End XCConfigurationList section */
	};
	rootObject = B3D660CB22D4E53F00F37013 /* Project object */;
}
